
Microsoft Visual Studio Solution File, Format Version 12.00
Project("{FAE04EC0-301F-11D3-BF4B-00C04F79EFBC}") = "SignalCli", "src\SignalCli\SignalCli.csproj", "{19EC1DE4-9622-433C-9FC5-85C841AB2186}"
EndProject
Project("{FAE04EC0-301F-11D3-BF4B-00C04F79EFBC}") = "SignalCli.Tests", "Tests\SignalCli.Tests\SignalCli.Tests.csproj", "{3DBDDD69-3BD4-4A4A-9242-D365266827C2}"
EndProject
Project("{FAE04EC0-301F-11D3-BF4B-00C04F79EFBC}") = "SignalCli.Example", "Example\SignalCli.Example\SignalCli.Example.csproj", "{776BC297-99D8-436D-9306-F11DD868F131}"
EndProject
Project("{2150E333-8FDC-42A3-9474-1A3956D46DE8}") = "Solution Items", "Solution Items", "{6437227D-2D7B-4936-B6AF-3AB619440469}"
	ProjectSection(SolutionItems) = preProject
		README.md = README.md
		coverage.runsettings = coverage.runsettings
		NuGet.Config = NuGet.Config
	EndProjectSection
EndProject
Project("{2150E333-8FDC-42A3-9474-1A3956D46DE8}") = "Tests", "Tests", "{5DBB6FAC-DDBD-45A6-A1C5-58E279C50FC8}"
EndProject
Project("{2150E333-8FDC-42A3-9474-1A3956D46DE8}") = "Example", "Example", "{D96E5962-E1C0-4F54-8655-2DD47245E79A}"
EndProject
Project("{FAE04EC0-301F-11D3-BF4B-00C04F79EFBC}") = "SignalCli.runtime", "src\SignalCli.runtime\SignalCli.runtime.csproj", "{F257ECA5-5891-463F-B774-CD7F77AED74A}"
EndProject
Project("{2150E333-8FDC-42A3-9474-1A3956D46DE8}") = "src", "src", "{827E0CD3-B72D-47B6-A68D-7590B98EB39B}"
EndProject
Project("{FAE04EC0-301F-11D3-BF4B-00C04F79EFBC}") = "SignalCli.runtime.native", "src\SignalCli.runtime.native\SignalCli.runtime.native.csproj", "{2E0330FB-E287-4C3C-83D0-5CDA483F3D9B}"
EndProject
Project("{FAE04EC0-301F-11D3-BF4B-00C04F79EFBC}") = "SignalCli.runtime.jre.win-x64", "src\SignalCli.runtime.jre.win-x64\SignalCli.runtime.jre.win-x64.csproj", "{9C5B2808-0421-42D2-8A14-F678DDAF5172}"
EndProject
Project("{FAE04EC0-301F-11D3-BF4B-00C04F79EFBC}") = "SignalCli.runtime.jre.osx-arm64", "src\SignalCli.runtime.jre.osx-arm64\SignalCli.runtime.jre.osx-arm64.csproj", "{160CED49-72C7-44C3-A6E8-E70250E7B5C6}"
EndProject
Project("{FAE04EC0-301F-11D3-BF4B-00C04F79EFBC}") = "SignalCli.Tests.Integration", "Tests\SignalCli.Tests.Integration\SignalCli.Tests.Integration.csproj", "{CA497189-EB03-4937-8F55-1D1EE7A027C7}"
EndProject
Global
	GlobalSection(SolutionConfigurationPlatforms) = preSolution
		Debug|Any CPU = Debug|Any CPU
		Debug|x64 = Debug|x64
		Debug|x86 = Debug|x86
		Release|Any CPU = Release|Any CPU
		Release|x64 = Release|x64
		Release|x86 = Release|x86
	EndGlobalSection
	GlobalSection(ProjectConfigurationPlatforms) = postSolution
		{19EC1DE4-9622-433C-9FC5-85C841AB2186}.Debug|Any CPU.ActiveCfg = Debug|Any CPU
		{19EC1DE4-9622-433C-9FC5-85C841AB2186}.Debug|Any CPU.Build.0 = Debug|Any CPU
		{19EC1DE4-9622-433C-9FC5-85C841AB2186}.Debug|x64.ActiveCfg = Debug|Any CPU
		{19EC1DE4-9622-433C-9FC5-85C841AB2186}.Debug|x64.Build.0 = Debug|Any CPU
		{19EC1DE4-9622-433C-9FC5-85C841AB2186}.Debug|x86.ActiveCfg = Debug|Any CPU
		{19EC1DE4-9622-433C-9FC5-85C841AB2186}.Debug|x86.Build.0 = Debug|Any CPU
		{19EC1DE4-9622-433C-9FC5-85C841AB2186}.Release|Any CPU.ActiveCfg = Release|Any CPU
		{19EC1DE4-9622-433C-9FC5-85C841AB2186}.Release|Any CPU.Build.0 = Release|Any CPU
		{19EC1DE4-9622-433C-9FC5-85C841AB2186}.Release|x64.ActiveCfg = Release|Any CPU
		{19EC1DE4-9622-433C-9FC5-85C841AB2186}.Release|x64.Build.0 = Release|Any CPU
		{19EC1DE4-9622-433C-9FC5-85C841AB2186}.Release|x86.ActiveCfg = Release|Any CPU
		{19EC1DE4-9622-433C-9FC5-85C841AB2186}.Release|x86.Build.0 = Release|Any CPU
		{3DBDDD69-3BD4-4A4A-9242-D365266827C2}.Debug|Any CPU.ActiveCfg = Debug|Any CPU
		{3DBDDD69-3BD4-4A4A-9242-D365266827C2}.Debug|Any CPU.Build.0 = Debug|Any CPU
		{3DBDDD69-3BD4-4A4A-9242-D365266827C2}.Debug|x64.ActiveCfg = Debug|Any CPU
		{3DBDDD69-3BD4-4A4A-9242-D365266827C2}.Debug|x64.Build.0 = Debug|Any CPU
		{3DBDDD69-3BD4-4A4A-9242-D365266827C2}.Debug|x86.ActiveCfg = Debug|Any CPU
		{3DBDDD69-3BD4-4A4A-9242-D365266827C2}.Debug|x86.Build.0 = Debug|Any CPU
		{3DBDDD69-3BD4-4A4A-9242-D365266827C2}.Release|Any CPU.ActiveCfg = Release|Any CPU
		{3DBDDD69-3BD4-4A4A-9242-D365266827C2}.Release|Any CPU.Build.0 = Release|Any CPU
		{3DBDDD69-3BD4-4A4A-9242-D365266827C2}.Release|x64.ActiveCfg = Release|Any CPU
		{3DBDDD69-3BD4-4A4A-9242-D365266827C2}.Release|x64.Build.0 = Release|Any CPU
		{3DBDDD69-3BD4-4A4A-9242-D365266827C2}.Release|x86.ActiveCfg = Release|Any CPU
		{3DBDDD69-3BD4-4A4A-9242-D365266827C2}.Release|x86.Build.0 = Release|Any CPU
		{776BC297-99D8-436D-9306-F11DD868F131}.Debug|Any CPU.ActiveCfg = Debug|Any CPU
		{776BC297-99D8-436D-9306-F11DD868F131}.Debug|Any CPU.Build.0 = Debug|Any CPU
		{776BC297-99D8-436D-9306-F11DD868F131}.Debug|x64.ActiveCfg = Debug|Any CPU
		{776BC297-99D8-436D-9306-F11DD868F131}.Debug|x64.Build.0 = Debug|Any CPU
		{776BC297-99D8-436D-9306-F11DD868F131}.Debug|x86.ActiveCfg = Debug|Any CPU
		{776BC297-99D8-436D-9306-F11DD868F131}.Debug|x86.Build.0 = Debug|Any CPU
		{776BC297-99D8-436D-9306-F11DD868F131}.Release|Any CPU.ActiveCfg = Release|Any CPU
		{776BC297-99D8-436D-9306-F11DD868F131}.Release|Any CPU.Build.0 = Release|Any CPU
		{776BC297-99D8-436D-9306-F11DD868F131}.Release|x64.ActiveCfg = Release|Any CPU
		{776BC297-99D8-436D-9306-F11DD868F131}.Release|x64.Build.0 = Release|Any CPU
		{776BC297-99D8-436D-9306-F11DD868F131}.Release|x86.ActiveCfg = Release|Any CPU
		{776BC297-99D8-436D-9306-F11DD868F131}.Release|x86.Build.0 = Release|Any CPU
		{F257ECA5-5891-463F-B774-CD7F77AED74A}.Debug|Any CPU.ActiveCfg = Debug|Any CPU
		{F257ECA5-5891-463F-B774-CD7F77AED74A}.Debug|Any CPU.Build.0 = Debug|Any CPU
		{F257ECA5-5891-463F-B774-CD7F77AED74A}.Debug|x64.ActiveCfg = Debug|Any CPU
		{F257ECA5-5891-463F-B774-CD7F77AED74A}.Debug|x64.Build.0 = Debug|Any CPU
		{F257ECA5-5891-463F-B774-CD7F77AED74A}.Debug|x86.ActiveCfg = Debug|Any CPU
		{F257ECA5-5891-463F-B774-CD7F77AED74A}.Debug|x86.Build.0 = Debug|Any CPU
		{F257ECA5-5891-463F-B774-CD7F77AED74A}.Release|Any CPU.ActiveCfg = Release|Any CPU
		{F257ECA5-5891-463F-B774-CD7F77AED74A}.Release|Any CPU.Build.0 = Release|Any CPU
		{F257ECA5-5891-463F-B774-CD7F77AED74A}.Release|x64.ActiveCfg = Release|Any CPU
		{F257ECA5-5891-463F-B774-CD7F77AED74A}.Release|x64.Build.0 = Release|Any CPU
		{F257ECA5-5891-463F-B774-CD7F77AED74A}.Release|x86.ActiveCfg = Release|Any CPU
		{F257ECA5-5891-463F-B774-CD7F77AED74A}.Release|x86.Build.0 = Release|Any CPU
		{2E0330FB-E287-4C3C-83D0-5CDA483F3D9B}.Debug|Any CPU.ActiveCfg = Debug|Any CPU
		{2E0330FB-E287-4C3C-83D0-5CDA483F3D9B}.Debug|Any CPU.Build.0 = Debug|Any CPU
		{2E0330FB-E287-4C3C-83D0-5CDA483F3D9B}.Debug|x64.ActiveCfg = Debug|Any CPU
		{2E0330FB-E287-4C3C-83D0-5CDA483F3D9B}.Debug|x64.Build.0 = Debug|Any CPU
		{2E0330FB-E287-4C3C-83D0-5CDA483F3D9B}.Debug|x86.ActiveCfg = Debug|Any CPU
		{2E0330FB-E287-4C3C-83D0-5CDA483F3D9B}.Debug|x86.Build.0 = Debug|Any CPU
		{2E0330FB-E287-4C3C-83D0-5CDA483F3D9B}.Release|Any CPU.ActiveCfg = Release|Any CPU
		{2E0330FB-E287-4C3C-83D0-5CDA483F3D9B}.Release|Any CPU.Build.0 = Release|Any CPU
		{2E0330FB-E287-4C3C-83D0-5CDA483F3D9B}.Release|x64.ActiveCfg = Release|Any CPU
		{2E0330FB-E287-4C3C-83D0-5CDA483F3D9B}.Release|x64.Build.0 = Release|Any CPU
		{2E0330FB-E287-4C3C-83D0-5CDA483F3D9B}.Release|x86.ActiveCfg = Release|Any CPU
		{2E0330FB-E287-4C3C-83D0-5CDA483F3D9B}.Release|x86.Build.0 = Release|Any CPU
		{9C5B2808-0421-42D2-8A14-F678DDAF5172}.Debug|Any CPU.ActiveCfg = Debug|Any CPU
		{9C5B2808-0421-42D2-8A14-F678DDAF5172}.Debug|Any CPU.Build.0 = Debug|Any CPU
		{9C5B2808-0421-42D2-8A14-F678DDAF5172}.Debug|x64.ActiveCfg = Debug|Any CPU
		{9C5B2808-0421-42D2-8A14-F678DDAF5172}.Debug|x64.Build.0 = Debug|Any CPU
		{9C5B2808-0421-42D2-8A14-F678DDAF5172}.Debug|x86.ActiveCfg = Debug|Any CPU
		{9C5B2808-0421-42D2-8A14-F678DDAF5172}.Debug|x86.Build.0 = Debug|Any CPU
		{9C5B2808-0421-42D2-8A14-F678DDAF5172}.Release|Any CPU.ActiveCfg = Release|Any CPU
		{9C5B2808-0421-42D2-8A14-F678DDAF5172}.Release|Any CPU.Build.0 = Release|Any CPU
		{9C5B2808-0421-42D2-8A14-F678DDAF5172}.Release|x64.ActiveCfg = Release|Any CPU
		{9C5B2808-0421-42D2-8A14-F678DDAF5172}.Release|x64.Build.0 = Release|Any CPU
		{9C5B2808-0421-42D2-8A14-F678DDAF5172}.Release|x86.ActiveCfg = Release|Any CPU
		{9C5B2808-0421-42D2-8A14-F678DDAF5172}.Release|x86.Build.0 = Release|Any CPU
		{160CED49-72C7-44C3-A6E8-E70250E7B5C6}.Debug|Any CPU.ActiveCfg = Debug|Any CPU
		{160CED49-72C7-44C3-A6E8-E70250E7B5C6}.Debug|Any CPU.Build.0 = Debug|Any CPU
		{160CED49-72C7-44C3-A6E8-E70250E7B5C6}.Debug|x64.ActiveCfg = Debug|Any CPU
		{160CED49-72C7-44C3-A6E8-E70250E7B5C6}.Debug|x64.Build.0 = Debug|Any CPU
		{160CED49-72C7-44C3-A6E8-E70250E7B5C6}.Debug|x86.ActiveCfg = Debug|Any CPU
		{160CED49-72C7-44C3-A6E8-E70250E7B5C6}.Debug|x86.Build.0 = Debug|Any CPU
		{160CED49-72C7-44C3-A6E8-E70250E7B5C6}.Release|Any CPU.ActiveCfg = Release|Any CPU
		{160CED49-72C7-44C3-A6E8-E70250E7B5C6}.Release|Any CPU.Build.0 = Release|Any CPU
		{160CED49-72C7-44C3-A6E8-E70250E7B5C6}.Release|x64.ActiveCfg = Release|Any CPU
		{160CED49-72C7-44C3-A6E8-E70250E7B5C6}.Release|x64.Build.0 = Release|Any CPU
		{160CED49-72C7-44C3-A6E8-E70250E7B5C6}.Release|x86.ActiveCfg = Release|Any CPU
		{160CED49-72C7-44C3-A6E8-E70250E7B5C6}.Release|x86.Build.0 = Release|Any CPU
		{CA497189-EB03-4937-8F55-1D1EE7A027C7}.Debug|Any CPU.ActiveCfg = Debug|Any CPU
		{CA497189-EB03-4937-8F55-1D1EE7A027C7}.Debug|Any CPU.Build.0 = Debug|Any CPU
		{CA497189-EB03-4937-8F55-1D1EE7A027C7}.Debug|x64.ActiveCfg = Debug|Any CPU
		{CA497189-EB03-4937-8F55-1D1EE7A027C7}.Debug|x64.Build.0 = Debug|Any CPU
		{CA497189-EB03-4937-8F55-1D1EE7A027C7}.Debug|x86.ActiveCfg = Debug|Any CPU
		{CA497189-EB03-4937-8F55-1D1EE7A027C7}.Debug|x86.Build.0 = Debug|Any CPU
		{CA497189-EB03-4937-8F55-1D1EE7A027C7}.Release|Any CPU.ActiveCfg = Release|Any CPU
		{CA497189-EB03-4937-8F55-1D1EE7A027C7}.Release|Any CPU.Build.0 = Release|Any CPU
		{CA497189-EB03-4937-8F55-1D1EE7A027C7}.Release|x64.ActiveCfg = Release|Any CPU
		{CA497189-EB03-4937-8F55-1D1EE7A027C7}.Release|x64.Build.0 = Release|Any CPU
		{CA497189-EB03-4937-8F55-1D1EE7A027C7}.Release|x86.ActiveCfg = Release|Any CPU
		{CA497189-EB03-4937-8F55-1D1EE7A027C7}.Release|x86.Build.0 = Release|Any CPU
	EndGlobalSection
	GlobalSection(SolutionProperties) = preSolution
		HideSolutionNode = FALSE
	EndGlobalSection
	GlobalSection(NestedProjects) = preSolution
		{3DBDDD69-3BD4-4A4A-9242-D365266827C2} = {5DBB6FAC-DDBD-45A6-A1C5-58E279C50FC8}
		{776BC297-99D8-436D-9306-F11DD868F131} = {D96E5962-E1C0-4F54-8655-2DD47245E79A}
		{2E0330FB-E287-4C3C-83D0-5CDA483F3D9B} = {827E0CD3-B72D-47B6-A68D-7590B98EB39B}
		{9C5B2808-0421-42D2-8A14-F678DDAF5172} = {827E0CD3-B72D-47B6-A68D-7590B98EB39B}
		{160CED49-72C7-44C3-A6E8-E70250E7B5C6} = {827E0CD3-B72D-47B6-A68D-7590B98EB39B}
		{CA497189-EB03-4937-8F55-1D1EE7A027C7} = {5DBB6FAC-DDBD-45A6-A1C5-58E279C50FC8}
	EndGlobalSection
EndGlobal
